
Microsoft Visual Studio Solution File, Format Version 12.00
# Visual Studio Version 17
VisualStudioVersion = 17.6.33723.286
MinimumVisualStudioVersion = 10.0.40219.1
Project("{FAE04EC0-301F-11D3-BF4B-00C04F79EFBC}") = "TextAnalysis", "TextAnalysis\TextAnalysis.csproj", "{F39A94E9-958D-4751-8237-F181D0FC4FC2}"
EndProject
Global
	GlobalSection(SolutionConfigurationPlatforms) = preSolution
		Debug|Any CPU = Debug|Any CPU
		Release|Any CPU = Release|Any CPU
	EndGlobalSection
	GlobalSection(ProjectConfigurationPlatforms) = postSolution
		{F39A94E9-958D-4751-8237-F181D0FC4FC2}.Debug|Any CPU.ActiveCfg = Debug|Any CPU
		{F39A94E9-958D-4751-8237-F181D0FC4FC2}.Debug|Any CPU.Build.0 = Debug|Any CPU
		{F39A94E9-958D-4751-8237-F181D0FC4FC2}.Release|Any CPU.ActiveCfg = Release|Any CPU
		{F39A94E9-958D-4751-8237-F181D0FC4FC2}.Release|Any CPU.Build.0 = Release|Any CPU
	EndGlobalSection
	GlobalSection(SolutionProperties) = preSolution
		HideSolutionNode = FALSE
	EndGlobalSection
	GlobalSection(ExtensibilityGlobals) = postSolution
		SolutionGuid = {99658C74-BBAF-4CF5-8B6A-DD6B864C9E57}
	EndGlobalSection
EndGlobal
