
Microsoft Visual Studio Solution File, Format Version 12.00
# Visual Studio Version 17
VisualStudioVersion = 17.6.33723.286
MinimumVisualStudioVersion = 10.0.40219.1
Project("{FAE04EC0-301F-11D3-BF4B-00C04F79EFBC}") = "Two Dimensional Array", "Two Dimensional Array\Two Dimensional Array.csproj", "{3E415D8D-8E70-4EDF-986B-54FDA30F4E42}"
EndProject
Global
	GlobalSection(SolutionConfigurationPlatforms) = preSolution
		Debug|Any CPU = Debug|Any CPU
		Release|Any CPU = Release|Any CPU
	EndGlobalSection
	GlobalSection(ProjectConfigurationPlatforms) = postSolution
		{3E415D8D-8E70-4EDF-986B-54FDA30F4E42}.Debug|Any CPU.ActiveCfg = Debug|Any CPU
		{3E415D8D-8E70-4EDF-986B-54FDA30F4E42}.Debug|Any CPU.Build.0 = Debug|Any CPU
		{3E415D8D-8E70-4EDF-986B-54FDA30F4E42}.Release|Any CPU.ActiveCfg = Release|Any CPU
		{3E415D8D-8E70-4EDF-986B-54FDA30F4E42}.Release|Any CPU.Build.0 = Release|Any CPU
	EndGlobalSection
	GlobalSection(SolutionProperties) = preSolution
		HideSolutionNode = FALSE
	EndGlobalSection
	GlobalSection(ExtensibilityGlobals) = postSolution
		SolutionGuid = {14C0DBA8-23CC-49CB-9AEC-7AF461C9F9EF}
	EndGlobalSection
EndGlobal
